{
  "name": "-",
  "version": "1.0.0",
  "lockfileVersion": 1,
  "requires": true,
  "dependencies": {
    "common-js": {
      "version": "0.3.8",
      "resolved": "https://registry.npmjs.org/common-js/-/common-js-0.3.8.tgz",
      "integrity": "sha512-83poCK3wlRnYqWdolJiYrMYvaBFzlDO1RwQVti2ZDBR2K5ifBGksu2cw3ZKFioEqB8FVLUmuu3OXxFUlSBk5UQ=="
    }
  }
}
